
Microsoft Visual Studio Solution File, Format Version 12.00
# Visual Studio 2013
VisualStudioVersion = 12.0.21005.1
MinimumVisualStudioVersion = 10.0.40219.1
Project("{FAE04EC0-301F-11D3-BF4B-00C04F79EFBC}") = "Seed.Bcs", "Seed.Bcs\Seed.Bcs.csproj", "{D48EFC71-CDEA-4BF6-812F-82A0D79E5876}"
EndProject
Project("{2150E333-8FDC-42A3-9474-1A3956D46DE8}") = "Business", "Business", "{E998B4C0-A5A5-46BC-BC37-0756161C5F87}"
EndProject
Project("{2150E333-8FDC-42A3-9474-1A3956D46DE8}") = "DataAccess", "DataAccess", "{F855658D-7DDD-44D2-B09A-96F936CBC0D4}"
EndProject
Project("{2150E333-8FDC-42A3-9474-1A3956D46DE8}") = "Common", "Common", "{57C2D49E-A18D-4701-8D0B-186C4B69549D}"
EndProject
Project("{2150E333-8FDC-42A3-9474-1A3956D46DE8}") = "Presentation", "Presentation", "{950F8439-FF8A-44CD-8BA1-58836A342A04}"
EndProject
Project("{FAE04EC0-301F-11D3-BF4B-00C04F79EFBC}") = "Seed.Entities", "Seed.Entities\Seed.Entities.csproj", "{E6348168-DD97-4421-B58A-FCD817BB2511}"
EndProject
Project("{FAE04EC0-301F-11D3-BF4B-00C04F79EFBC}") = "Seed.Dacs.Interfaces", "Seed.Dacs.Interfaces\Seed.Dacs.Interfaces.csproj", "{47607ECC-C077-47A5-8AF6-77B9E456172F}"
EndProject
Project("{FAE04EC0-301F-11D3-BF4B-00C04F79EFBC}") = "Seed.Logging", "Seed.Logging\Seed.Logging.csproj", "{96758A78-AB8D-43B8-8EE5-BD6D9772C02D}"
EndProject
Project("{FAE04EC0-301F-11D3-BF4B-00C04F79EFBC}") = "Seed.Configuration", "Seed.Configuration\Seed.Configuration.csproj", "{2FD80A43-0956-4304-B289-0E7C57AD0377}"
EndProject
Project("{FAE04EC0-301F-11D3-BF4B-00C04F79EFBC}") = "Seed.Localization", "Seed.Localization\Seed.Localization.csproj", "{1D9CD09F-9860-4C16-9D1A-64880F2D861E}"
EndProject
Project("{FAE04EC0-301F-11D3-BF4B-00C04F79EFBC}") = "Seed.Web.Api", "Seed.Mvc.Ui\Seed.Web.Api.csproj", "{CF0E4A8E-6B56-45E2-AFC8-2F7DF5AD14BF}"
EndProject
Project("{FAE04EC0-301F-11D3-BF4B-00C04F79EFBC}") = "Seed.Web.Uipc", "Seed.Mvc.Uipc\Seed.Web.Uipc.csproj", "{82720FB8-72CF-486B-A372-A3D1032FA56C}"
EndProject
Project("{2150E333-8FDC-42A3-9474-1A3956D46DE8}") = "Utils", "Utils", "{194E1138-48C9-46A5-A194-DB8BD4A6F3BB}"
EndProject
Project("{FAE04EC0-301F-11D3-BF4B-00C04F79EFBC}") = "Seed.Utilities", "Seed.Utilities\Seed.Utilities.csproj", "{D4AEDB03-C3DA-4CC9-9800-0B78D659620E}"
EndProject
Project("{FAE04EC0-301F-11D3-BF4B-00C04F79EFBC}") = "Seed.Dacs.MsSql.Components", "Seed.Dacs.MsSql.Components\Seed.Dacs.MsSql.Components.csproj", "{9D662EE1-EE0D-4A60-A85F-43C2F780B652}"
EndProject
Global
	GlobalSection(SolutionConfigurationPlatforms) = preSolution
		Debug|Any CPU = Debug|Any CPU
		Release|Any CPU = Release|Any CPU
	EndGlobalSection
	GlobalSection(ProjectConfigurationPlatforms) = postSolution
		{D48EFC71-CDEA-4BF6-812F-82A0D79E5876}.Debug|Any CPU.ActiveCfg = Debug|Any CPU
		{D48EFC71-CDEA-4BF6-812F-82A0D79E5876}.Debug|Any CPU.Build.0 = Debug|Any CPU
		{D48EFC71-CDEA-4BF6-812F-82A0D79E5876}.Release|Any CPU.ActiveCfg = Release|Any CPU
		{D48EFC71-CDEA-4BF6-812F-82A0D79E5876}.Release|Any CPU.Build.0 = Release|Any CPU
		{E6348168-DD97-4421-B58A-FCD817BB2511}.Debug|Any CPU.ActiveCfg = Debug|Any CPU
		{E6348168-DD97-4421-B58A-FCD817BB2511}.Debug|Any CPU.Build.0 = Debug|Any CPU
		{E6348168-DD97-4421-B58A-FCD817BB2511}.Release|Any CPU.ActiveCfg = Release|Any CPU
		{E6348168-DD97-4421-B58A-FCD817BB2511}.Release|Any CPU.Build.0 = Release|Any CPU
		{47607ECC-C077-47A5-8AF6-77B9E456172F}.Debug|Any CPU.ActiveCfg = Debug|Any CPU
		{47607ECC-C077-47A5-8AF6-77B9E456172F}.Debug|Any CPU.Build.0 = Debug|Any CPU
		{47607ECC-C077-47A5-8AF6-77B9E456172F}.Release|Any CPU.ActiveCfg = Release|Any CPU
		{47607ECC-C077-47A5-8AF6-77B9E456172F}.Release|Any CPU.Build.0 = Release|Any CPU
		{96758A78-AB8D-43B8-8EE5-BD6D9772C02D}.Debug|Any CPU.ActiveCfg = Debug|Any CPU
		{96758A78-AB8D-43B8-8EE5-BD6D9772C02D}.Debug|Any CPU.Build.0 = Debug|Any CPU
		{96758A78-AB8D-43B8-8EE5-BD6D9772C02D}.Release|Any CPU.ActiveCfg = Release|Any CPU
		{96758A78-AB8D-43B8-8EE5-BD6D9772C02D}.Release|Any CPU.Build.0 = Release|Any CPU
		{2FD80A43-0956-4304-B289-0E7C57AD0377}.Debug|Any CPU.ActiveCfg = Debug|Any CPU
		{2FD80A43-0956-4304-B289-0E7C57AD0377}.Debug|Any CPU.Build.0 = Debug|Any CPU
		{2FD80A43-0956-4304-B289-0E7C57AD0377}.Release|Any CPU.ActiveCfg = Release|Any CPU
		{2FD80A43-0956-4304-B289-0E7C57AD0377}.Release|Any CPU.Build.0 = Release|Any CPU
		{1D9CD09F-9860-4C16-9D1A-64880F2D861E}.Debug|Any CPU.ActiveCfg = Debug|Any CPU
		{1D9CD09F-9860-4C16-9D1A-64880F2D861E}.Debug|Any CPU.Build.0 = Debug|Any CPU
		{1D9CD09F-9860-4C16-9D1A-64880F2D861E}.Release|Any CPU.ActiveCfg = Release|Any CPU
		{1D9CD09F-9860-4C16-9D1A-64880F2D861E}.Release|Any CPU.Build.0 = Release|Any CPU
		{CF0E4A8E-6B56-45E2-AFC8-2F7DF5AD14BF}.Debug|Any CPU.ActiveCfg = Debug|Any CPU
		{CF0E4A8E-6B56-45E2-AFC8-2F7DF5AD14BF}.Debug|Any CPU.Build.0 = Debug|Any CPU
		{CF0E4A8E-6B56-45E2-AFC8-2F7DF5AD14BF}.Release|Any CPU.ActiveCfg = Release|Any CPU
		{CF0E4A8E-6B56-45E2-AFC8-2F7DF5AD14BF}.Release|Any CPU.Build.0 = Release|Any CPU
		{82720FB8-72CF-486B-A372-A3D1032FA56C}.Debug|Any CPU.ActiveCfg = Debug|Any CPU
		{82720FB8-72CF-486B-A372-A3D1032FA56C}.Debug|Any CPU.Build.0 = Debug|Any CPU
		{82720FB8-72CF-486B-A372-A3D1032FA56C}.Release|Any CPU.ActiveCfg = Release|Any CPU
		{82720FB8-72CF-486B-A372-A3D1032FA56C}.Release|Any CPU.Build.0 = Release|Any CPU
		{D4AEDB03-C3DA-4CC9-9800-0B78D659620E}.Debug|Any CPU.ActiveCfg = Debug|Any CPU
		{D4AEDB03-C3DA-4CC9-9800-0B78D659620E}.Debug|Any CPU.Build.0 = Debug|Any CPU
		{D4AEDB03-C3DA-4CC9-9800-0B78D659620E}.Release|Any CPU.ActiveCfg = Release|Any CPU
		{D4AEDB03-C3DA-4CC9-9800-0B78D659620E}.Release|Any CPU.Build.0 = Release|Any CPU
		{9D662EE1-EE0D-4A60-A85F-43C2F780B652}.Debug|Any CPU.ActiveCfg = Debug|Any CPU
		{9D662EE1-EE0D-4A60-A85F-43C2F780B652}.Debug|Any CPU.Build.0 = Debug|Any CPU
		{9D662EE1-EE0D-4A60-A85F-43C2F780B652}.Release|Any CPU.ActiveCfg = Release|Any CPU
		{9D662EE1-EE0D-4A60-A85F-43C2F780B652}.Release|Any CPU.Build.0 = Release|Any CPU
	EndGlobalSection
	GlobalSection(SolutionProperties) = preSolution
		HideSolutionNode = FALSE
	EndGlobalSection
	GlobalSection(NestedProjects) = preSolution
		{D48EFC71-CDEA-4BF6-812F-82A0D79E5876} = {E998B4C0-A5A5-46BC-BC37-0756161C5F87}
		{E6348168-DD97-4421-B58A-FCD817BB2511} = {E998B4C0-A5A5-46BC-BC37-0756161C5F87}
		{47607ECC-C077-47A5-8AF6-77B9E456172F} = {F855658D-7DDD-44D2-B09A-96F936CBC0D4}
		{9D662EE1-EE0D-4A60-A85F-43C2F780B652} = {F855658D-7DDD-44D2-B09A-96F936CBC0D4}
		{96758A78-AB8D-43B8-8EE5-BD6D9772C02D} = {57C2D49E-A18D-4701-8D0B-186C4B69549D}
		{2FD80A43-0956-4304-B289-0E7C57AD0377} = {57C2D49E-A18D-4701-8D0B-186C4B69549D}
		{1D9CD09F-9860-4C16-9D1A-64880F2D861E} = {57C2D49E-A18D-4701-8D0B-186C4B69549D}
		{CF0E4A8E-6B56-45E2-AFC8-2F7DF5AD14BF} = {950F8439-FF8A-44CD-8BA1-58836A342A04}
		{82720FB8-72CF-486B-A372-A3D1032FA56C} = {950F8439-FF8A-44CD-8BA1-58836A342A04}
		{D4AEDB03-C3DA-4CC9-9800-0B78D659620E} = {194E1138-48C9-46A5-A194-DB8BD4A6F3BB}
	EndGlobalSection
EndGlobal
